
Microsoft Visual Studio Solution File, Format Version 12.00
# Visual Studio Version 16
VisualStudioVersion = 16.0.31005.135
MinimumVisualStudioVersion = 10.0.40219.1
Project("{9A19103F-16F7-4668-BE54-9A1E7A4F7556}") = "DataAccess", "DataAccess\DataAccess.csproj", "{5530154F-5901-4639-BA4A-D3B3A7840E22}"
EndProject
Project("{9A19103F-16F7-4668-BE54-9A1E7A4F7556}") = "Business", "Business\Business.csproj", "{1E25AA13-FF5A-4549-ACF4-0DB0E07E29BF}"
EndProject
Project("{9A19103F-16F7-4668-BE54-9A1E7A4F7556}") = "Entities", "Entities\Entities.csproj", "{3F90FC0C-742D-40C8-AA0B-1E998A0A8D54}"
EndProject
Project("{9A19103F-16F7-4668-BE54-9A1E7A4F7556}") = "ConsoleUI", "ConsoleUI\ConsoleUI.csproj", "{8A143F98-4FC2-4CB3-B02F-CC218170EEC4}"
EndProject
Project("{9A19103F-16F7-4668-BE54-9A1E7A4F7556}") = "Core", "Core\Core.csproj", "{BDBE5F0B-CBD9-427C-ABF1-1A16539BBD5D}"
EndProject
Project("{FAE04EC0-301F-11D3-BF4B-00C04F79EFBC}") = "WebAPI", "WebAPI\WebAPI.csproj", "{99094C49-365D-4ACA-9E0B-E40F8EA9D625}"
EndProject
Global
	GlobalSection(SolutionConfigurationPlatforms) = preSolution
		Debug|Any CPU = Debug|Any CPU
		Release|Any CPU = Release|Any CPU
	EndGlobalSection
	GlobalSection(ProjectConfigurationPlatforms) = postSolution
		{5530154F-5901-4639-BA4A-D3B3A7840E22}.Debug|Any CPU.ActiveCfg = Debug|Any CPU
		{5530154F-5901-4639-BA4A-D3B3A7840E22}.Debug|Any CPU.Build.0 = Debug|Any CPU
		{5530154F-5901-4639-BA4A-D3B3A7840E22}.Release|Any CPU.ActiveCfg = Release|Any CPU
		{5530154F-5901-4639-BA4A-D3B3A7840E22}.Release|Any CPU.Build.0 = Release|Any CPU
		{1E25AA13-FF5A-4549-ACF4-0DB0E07E29BF}.Debug|Any CPU.ActiveCfg = Debug|Any CPU
		{1E25AA13-FF5A-4549-ACF4-0DB0E07E29BF}.Debug|Any CPU.Build.0 = Debug|Any CPU
		{1E25AA13-FF5A-4549-ACF4-0DB0E07E29BF}.Release|Any CPU.ActiveCfg = Release|Any CPU
		{1E25AA13-FF5A-4549-ACF4-0DB0E07E29BF}.Release|Any CPU.Build.0 = Release|Any CPU
		{3F90FC0C-742D-40C8-AA0B-1E998A0A8D54}.Debug|Any CPU.ActiveCfg = Debug|Any CPU
		{3F90FC0C-742D-40C8-AA0B-1E998A0A8D54}.Debug|Any CPU.Build.0 = Debug|Any CPU
		{3F90FC0C-742D-40C8-AA0B-1E998A0A8D54}.Release|Any CPU.ActiveCfg = Release|Any CPU
		{3F90FC0C-742D-40C8-AA0B-1E998A0A8D54}.Release|Any CPU.Build.0 = Release|Any CPU
		{8A143F98-4FC2-4CB3-B02F-CC218170EEC4}.Debug|Any CPU.ActiveCfg = Debug|Any CPU
		{8A143F98-4FC2-4CB3-B02F-CC218170EEC4}.Debug|Any CPU.Build.0 = Debug|Any CPU
		{8A143F98-4FC2-4CB3-B02F-CC218170EEC4}.Release|Any CPU.ActiveCfg = Release|Any CPU
		{8A143F98-4FC2-4CB3-B02F-CC218170EEC4}.Release|Any CPU.Build.0 = Release|Any CPU
		{BDBE5F0B-CBD9-427C-ABF1-1A16539BBD5D}.Debug|Any CPU.ActiveCfg = Debug|Any CPU
		{BDBE5F0B-CBD9-427C-ABF1-1A16539BBD5D}.Debug|Any CPU.Build.0 = Debug|Any CPU
		{BDBE5F0B-CBD9-427C-ABF1-1A16539BBD5D}.Release|Any CPU.ActiveCfg = Release|Any CPU
		{BDBE5F0B-CBD9-427C-ABF1-1A16539BBD5D}.Release|Any CPU.Build.0 = Release|Any CPU
		{99094C49-365D-4ACA-9E0B-E40F8EA9D625}.Debug|Any CPU.ActiveCfg = Debug|Any CPU
		{99094C49-365D-4ACA-9E0B-E40F8EA9D625}.Debug|Any CPU.Build.0 = Debug|Any CPU
		{99094C49-365D-4ACA-9E0B-E40F8EA9D625}.Release|Any CPU.ActiveCfg = Release|Any CPU
		{99094C49-365D-4ACA-9E0B-E40F8EA9D625}.Release|Any CPU.Build.0 = Release|Any CPU
	EndGlobalSection
	GlobalSection(SolutionProperties) = preSolution
		HideSolutionNode = FALSE
	EndGlobalSection
	GlobalSection(ExtensibilityGlobals) = postSolution
		SolutionGuid = {4D24AFFE-C202-4070-ADC9-D1ABD9FA804D}
	EndGlobalSection
EndGlobal
